
Microsoft Visual Studio Solution File, Format Version 12.00
# Visual Studio Version 16
VisualStudioVersion = 16.0.31515.178
MinimumVisualStudioVersion = 10.0.40219.1
Project("{2150E333-8FDC-42A3-9474-1A3956D46DE8}") = "src", "src", "{5863B532-7DAE-40B7-8E06-F53C44779A38}"
EndProject
Project("{2150E333-8FDC-42A3-9474-1A3956D46DE8}") = "tests", "tests", "{69C96507-FE30-4716-800B-FB772D4062FD}"
EndProject
Project("{2150E333-8FDC-42A3-9474-1A3956D46DE8}") = "Solution Items", "Solution Items", "{3D2AA5A9-6CB1-4484-8F38-F3923EDE8DD8}"
	ProjectSection(SolutionItems) = preProject
		README.md = README.md
	EndProjectSection
EndProject
Project("{FAE04EC0-301F-11D3-BF4B-00C04F79EFBC}") = "PrimeService", "PrimeService\PrimeService.csproj", "{42E27440-5D74-448A-B95B-1FE59E7D1140}"
EndProject
Project("{FAE04EC0-301F-11D3-BF4B-00C04F79EFBC}") = "PrimeService.Tests", "PrimeService.Tests\PrimeService.Tests.csproj", "{91F1BFB1-F07C-4D89-8175-C0826301EB6E}"
EndProject
Global
	GlobalSection(SolutionConfigurationPlatforms) = preSolution
		Debug|Any CPU = Debug|Any CPU
		Release|Any CPU = Release|Any CPU
	EndGlobalSection
	GlobalSection(ProjectConfigurationPlatforms) = postSolution
		{42E27440-5D74-448A-B95B-1FE59E7D1140}.Debug|Any CPU.ActiveCfg = Debug|Any CPU
		{42E27440-5D74-448A-B95B-1FE59E7D1140}.Debug|Any CPU.Build.0 = Debug|Any CPU
		{42E27440-5D74-448A-B95B-1FE59E7D1140}.Release|Any CPU.ActiveCfg = Release|Any CPU
		{42E27440-5D74-448A-B95B-1FE59E7D1140}.Release|Any CPU.Build.0 = Release|Any CPU
		{91F1BFB1-F07C-4D89-8175-C0826301EB6E}.Debug|Any CPU.ActiveCfg = Debug|Any CPU
		{91F1BFB1-F07C-4D89-8175-C0826301EB6E}.Debug|Any CPU.Build.0 = Debug|Any CPU
		{91F1BFB1-F07C-4D89-8175-C0826301EB6E}.Release|Any CPU.ActiveCfg = Release|Any CPU
		{91F1BFB1-F07C-4D89-8175-C0826301EB6E}.Release|Any CPU.Build.0 = Release|Any CPU
	EndGlobalSection
	GlobalSection(SolutionProperties) = preSolution
		HideSolutionNode = FALSE
	EndGlobalSection
	GlobalSection(NestedProjects) = preSolution
		{42E27440-5D74-448A-B95B-1FE59E7D1140} = {5863B532-7DAE-40B7-8E06-F53C44779A38}
		{91F1BFB1-F07C-4D89-8175-C0826301EB6E} = {69C96507-FE30-4716-800B-FB772D4062FD}
	EndGlobalSection
	GlobalSection(ExtensibilityGlobals) = postSolution
		SolutionGuid = {24DBAA45-27A7-4B62-B4CB-872557ADF29E}
	EndGlobalSection
EndGlobal
